# This file is automatically @generated by Poetry 2.3.3 and should not be changed by hand.

[[package]]
name = "pendulum"
version = "3.2.0"
description = "Python datetimes made easy"
optional = false
python-versions = ">=3.9"
groups = ["main"]
files = [
    {file = "pendulum-3.2.0-cp310-cp310-macosx_10_12_x86_64.whl", hash = "sha256:4a6bf778c6b42830b001c714dae5b9dad78da38e2e08203a4b0f5d53f8fa5e63"},
    {file = "pendulum-3.2.0-cp310-cp310-macosx_11_0_arm64.whl", hash = "sha256:625209bb7133d990905e8935e1c04f0a82315ae777b67910969b16f665d62c0b"},
    {file = "pendulum-3.2.0-cp310-cp310-manylinux_2_17_aarch64.manylinux2014_aarch64.whl", hash = "sha256:b6f1d8641e8bd48b9b6f77f96fd498d3ecec63611ba8e7207e63936307846042"},
    {file = "pendulum-3.2.0-cp310-cp310-manylinux_2_17_ppc64le.manylinux2014_ppc64le.whl", hash = "sha256:3a8d4212b1577ee3a034d18b360a9afa55bfc72789aeb805353be8b2ac132035"},
    {file = "pendulum-3.2.0-cp310-cp310-manylinux_2_17_s390x.manylinux2014_s390x.whl", hash = "sha256:e398d9e3db42d17f0c2cd39663c1c873ea6f11763ed6d126e2dcc92fc340d0dc"},
    {file = "pendulum-3.2.0-cp310-cp310-manylinux_2_17_x86_64.manylinux2014_x86_64.whl", hash = "sha256:04310463879a8d84534756ef9820d433e88b879203b6e10a5b416899dc05e7f1"},
    {file = "pendulum-3.2.0-cp310-cp310-musllinux_1_1_aarch64.whl", hash = "sha256:5b4f7491951c11bbdb20893817352c9140d31d1ae333839c34c0bca081a50a86"},
    {file = "pendulum-3.2.0-cp310-cp310-musllinux_1_1_x86_64.whl", hash = "sha256:ffc169ad7595228d4dfc44d4e016846ff1bb5873b9f7ec70b0b1b51da0c77b3f"},
    {file = "pendulum-3.2.0-cp310-cp310-win_amd64.whl", hash = "sha256:446f63d84ef21281844ceb45141536d3aabe291a821b6505e21a0d0e3ea95d67"},
    {file = "pendulum-3.2.0-cp311-cp311-macosx_10_12_x86_64.whl", hash = "sha256:5d775cc608c909ad415c8e789c84a9f120bb6a794c4215b2d8d910893cf0ec6a"},
    {file = "pendulum-3.2.0-cp311-cp311-macosx_11_0_arm64.whl", hash = "sha256:8de794a7f665aebc8c1ba4dd4b05ab8fe1a36ce9c0498366adf1d1edd79b2686"},
    {file = "pendulum-3.2.0-cp311-cp311-manylinux_2_17_aarch64.manylinux2014_aarch64.whl", hash = "sha256:7bac7df7696e1c942e17c0556b3a7bcdd1d7aa5b24faee7620cb071e754a0622"},
    {file = "pendulum-3.2.0-cp311-cp311-manylinux_2_17_ppc64le.manylinux2014_ppc64le.whl", hash = "sha256:db0f6a8a04475d9cba26ce701e7d66d266fd97227f2f5f499270eba04be1c7e9"},
    {file = "pendulum-3.2.0-cp311-cp311-manylinux_2_17_s390x.manylinux2014_s390x.whl", hash = "sha256:c352c63c1ff05f2198409b28498d7158547a8be23e1fbd4aa2cf5402fb239b55"},
    {file = "pendulum-3.2.0-cp311-cp311-manylinux_2_17_x86_64.manylinux2014_x86_64.whl", hash = "sha256:de8c1ad1d1aa7d4ceae341528bab35a0f8c88a5aa63f2f5d84e16b517d1b32c2"},
    {file = "pendulum-3.2.0-cp311-cp311-musllinux_1_1_aarch64.whl", hash = "sha256:1ba955511c12fec2252038b0c866c25c0c30b720bf74d3023710f121e42b1498"},
    {file = "pendulum-3.2.0-cp311-cp311-musllinux_1_1_x86_64.whl", hash = "sha256:4115bf364a2ec6d5ddc476751ceaa4164a04f2c15589f0d29aa210ddb784b15d"},
    {file = "pendulum-3.2.0-cp311-cp311-win_amd64.whl", hash = "sha256:4151a903356413fdd9549de0997b708fb95a214ed97803ffb479ffd834088378"},
    {file = "pendulum-3.2.0-cp311-cp311-win_arm64.whl", hash = "sha256:acfdee9ddc56053cb7c8c075afbfde0857322d09e56a56195b9cd127fae87e4c"},
    {file = "pendulum-3.2.0-cp312-cp312-macosx_10_12_x86_64.whl", hash = "sha256:bf0b489def51202a39a2a665dcc4162d5e46934a740fe4c4fe3068979610156c"},
    {file = "pendulum-3.2.0-cp312-cp312-macosx_11_0_arm64.whl", hash = "sha256:937a529aa302efa18dcf25e53834964a87ffb2df8f80e3669ab7757a6126beaf"},
    {file = "pendulum-3.2.0-cp312-cp312-manylinux_2_17_aarch64.manylinux2014_aarch64.whl", hash = "sha256:85c7689defc65c4dc29bf257f7cca55d210fabb455de9476e1748d2ab2ae80d7"},
    {file = "pendulum-3.2.0-cp312-cp312-manylinux_2_17_ppc64le.manylinux2014_ppc64le.whl", hash = "sha256:d5e216e5a412563ea2ecf5de467dcf3d02717947fcdabe6811d5ee360726b02b"},
    {file = "pendulum-3.2.0-cp312-cp312-manylinux_2_17_s390x.manylinux2014_s390x.whl", hash = "sha256:3a2af22eeec438fbaac72bb7fba783e0950a514fba980d9a32db394b51afccec"},
    {file = "pendulum-3.2.0-cp312-cp312-manylinux_2_17_x86_64.manylinux2014_x86_64.whl", hash = "sha256:3159cceb54f5aa8b85b141c7f0ce3fac8bdd1ffdc7c79e67dca9133eac7c4d11"},
    {file = "pendulum-3.2.0-cp312-cp312-musllinux_1_1_aarch64.whl", hash = "sha256:c39ea5e9ffa20ea8bae986d00e0908bd537c8468b71d6b6503ab0b4c3d76e0ea"},
    {file = "pendulum-3.2.0-cp312-cp312-musllinux_1_1_x86_64.whl", hash = "sha256:e5afc753e570cce1f44197676371f68953f7d4f022303d141bb09f804d5fe6d7"},
    {file = "pendulum-3.2.0-cp312-cp312-win_amd64.whl", hash = "sha256:fd55c12560816d9122ca2142d9e428f32c0c083bf77719320b1767539c7a3a3b"},
    {file = "pendulum-3.2.0-cp312-cp312-win_arm64.whl", hash = "sha256:faef52a7ed99729f0838353b956f3fabf6c550c062db247e9e2fc2b48fcb9457"},
    {file = "pendulum-3.2.0-cp313-cp313-macosx_10_12_x86_64.whl", hash = "sha256:addb0512f919fe5b70c8ee534ee71c775630d3efe567ea5763d92acff857cfc3"},
    {file = "pendulum-3.2.0-cp313-cp313-macosx_11_0_arm64.whl", hash = "sha256:3aaa50342dc174acebdc21089315012e63789353957b39ac83cac9f9fc8d1075"},
    {file = "pendulum-3.2.0-cp313-cp313-manylinux_2_17_aarch64.manylinux2014_aarch64.whl", hash = "sha256:927e9c9ab52ff68e71b76dd410e5f1cd78f5ea6e7f0a9f5eb549aea16a4d5354"},
    {file = "pendulum-3.2.0-cp313-cp313-manylinux_2_17_ppc64le.manylinux2014_ppc64le.whl", hash = "sha256:249d18f5543c9f43aba3bd77b34864ec8cf6f64edbead405f442e23c94fce63d"},
    {file = "pendulum-3.2.0-cp313-cp313-manylinux_2_17_s390x.manylinux2014_s390x.whl", hash = "sha256:7c644cc15eec5fb02291f0f193195156780fd5a0affd7a349592403826d1a35e"},
    {file = "pendulum-3.2.0-cp313-cp313-manylinux_2_17_x86_64.manylinux2014_x86_64.whl", hash = "sha256:063ab61af953bb56ad5bc8e131fd0431c915ed766d90ccecd7549c8090b51004"},
    {file = "pendulum-3.2.0-cp313-cp313-musllinux_1_1_aarch64.whl", hash = "sha256:26a3ae26c9dd70a4256f1c2f51addc43641813574c0db6ce5664f9861cd93621"},
    {file = "pendulum-3.2.0-cp313-cp313-musllinux_1_1_x86_64.whl", hash = "sha256:2b10d91dc00f424444a42f47c69e6b3bfd79376f330179dc06bc342184b35f9a"},
    {file = "pendulum-3.2.0-cp313-cp313-win_amd64.whl", hash = "sha256:63070ff03e30a57b16c8e793ee27da8dac4123c1d6e0cf74c460ce9ee8a64aa4"},
    {file = "pendulum-3.2.0-cp313-cp313-win_arm64.whl", hash = "sha256:c8dde63e2796b62070a49ce813ce200aba9186130307f04ec78affcf6c2e8122"},
    {file = "pendulum-3.2.0-cp314-cp314-macosx_10_12_x86_64.whl", hash = "sha256:c17ac069e88c5a1e930a5ae0ef17357a14b9cc5a28abadda74eaa8106d241c8e"},
    {file = "pendulum-3.2.0-cp314-cp314-macosx_11_0_arm64.whl", hash = "sha256:e1fbb540edecb21f8244aebfb05a1f2333ddc6c7819378c099d4a61cc91ae93c"},
    {file = "pendulum-3.2.0-cp314-cp314-manylinux_2_17_aarch64.manylinux2014_aarch64.whl", hash = "sha256:a8c67fb9a1fe8fc1adae2cc01b0c292b268c12475b4609ff4aed71c9dd367b4d"},
    {file = "pendulum-3.2.0-cp314-cp314-manylinux_2_17_ppc64le.manylinux2014_ppc64le.whl", hash = "sha256:baa9a66c980defda6cfe1275103a94b22e90d83ebd7a84cc961cee6cbd25a244"},
    {file = "pendulum-3.2.0-cp314-cp314-manylinux_2_17_s390x.manylinux2014_s390x.whl", hash = "sha256:ef8f783fa7a14973b0596d8af2a5b2d90858a55030e9b4c6885eb4284b88314f"},
    {file = "pendulum-3.2.0-cp314-cp314-manylinux_2_17_x86_64.manylinux2014_x86_64.whl", hash = "sha256:a7d2e9bfb065727d8676e7ada3793b47a24349500a5e9637404355e482c822be"},
    {file = "pendulum-3.2.0-cp314-cp314-musllinux_1_1_aarch64.whl", hash = "sha256:55d7ba6bb74171c3ee409bf30076ee3a259a3c2bb147ac87ebb76aaa3cf5d3a2"},
    {file = "pendulum-3.2.0-cp314-cp314-musllinux_1_1_x86_64.whl", hash = "sha256:a50d8cf42f06d3d8c3f8bb2a7ac47fa93b5145e69de6a7209be6a47afdd9cf76"},
    {file = "pendulum-3.2.0-cp314-cp314-win_amd64.whl", hash = "sha256:e5bbb92b155cd5018b3cf70ee49ed3b9c94398caaaa7ed97fe41e5bb5a968418"},
    {file = "pendulum-3.2.0-cp314-cp314-win_arm64.whl", hash = "sha256:d53134418e04335c3029a32e9341cccc9b085a28744fb5ee4e6a8f5039363b1a"},
    {file = "pendulum-3.2.0-cp39-cp39-macosx_10_12_x86_64.whl", hash = "sha256:70214f30114ee6de09b0abbb90e74f68682f194485200897930125de36024c21"},
    {file = "pendulum-3.2.0-cp39-cp39-macosx_11_0_arm64.whl", hash = "sha256:d3cad6be303b4b9737f629191b73920e0e4c2fe1fbd5813b7a19b05f29d09a1c"},
    {file = "pendulum-3.2.0-cp39-cp39-manylinux_2_17_aarch64.manylinux2014_aarch64.whl", hash = "sha256:2dd31fd46aa8fceaff5de674b8d57b0b659753986cb78fa9e24368da7f8e4eec"},
    {file = "pendulum-3.2.0-cp39-cp39-manylinux_2_17_ppc64le.manylinux2014_ppc64le.whl", hash = "sha256:ce87750e0a644e8ddafa3e9437f0ff35af8d17eb5c77824864246ccf6b44d24a"},
    {file = "pendulum-3.2.0-cp39-cp39-manylinux_2_17_s390x.manylinux2014_s390x.whl", hash = "sha256:326ef1baa8657c9c4aead5c4eac06a46355ba4e338816153e2929b0b548554b5"},
    {file = "pendulum-3.2.0-cp39-cp39-manylinux_2_17_x86_64.manylinux2014_x86_64.whl", hash = "sha256:f00d033fe9b31c41deb6484f36a788b99b936cf8d10a994784e809a59b72d7db"},
    {file = "pendulum-3.2.0-cp39-cp39-musllinux_1_1_aarch64.whl", hash = "sha256:86029fd802c5650f2cbef3f9302608325a676d3a883d6a5782bc855e5d03918b"},
    {file = "pendulum-3.2.0-cp39-cp39-musllinux_1_1_x86_64.whl", hash = "sha256:dfbcd7a2a5ebabf5abaf07062555cd7bef9a472a6aa5281a6302afe66a481561"},
    {file = "pendulum-3.2.0-cp39-cp39-win_amd64.whl", hash = "sha256:38a300df5a82ebea8634a1aed3d98c92968ba856d2ca7ba2acf7228f0e0e99af"},
    {file = "pendulum-3.2.0-pp311-pypy311_pp73-macosx_10_12_x86_64.whl", hash = "sha256:9585594d32faa71efa5a78f576f1ee4f79e9c5340d7c6f0cd6c5dfe725effaaa"},
    {file = "pendulum-3.2.0-pp311-pypy311_pp73-macosx_11_0_arm64.whl", hash = "sha256:26401e2de77c437e8f3b6160c08c6c5d45518d906f8f9b48fd7cb5aa0f4e2aff"},
    {file = "pendulum-3.2.0-pp311-pypy311_pp73-manylinux_2_17_aarch64.manylinux2014_aarch64.whl", hash = "sha256:637e65af042f383a2764a886aa28ccc6f853bf7a142df18e41c720542934c13b"},
    {file = "pendulum-3.2.0-pp311-pypy311_pp73-manylinux_2_17_x86_64.manylinux2014_x86_64.whl", hash = "sha256:d6e46c28f4d067233c4a4c42748f4ffa641d9289c09e0e81488beb6d4b3fab51"},
    {file = "pendulum-3.2.0-pp311-pypy311_pp73-musllinux_1_1_aarch64.whl", hash = "sha256:71d46bcc86269f97bfd8c5f1475d55e717696a0a010b1871023605ca94624031"},
    {file = "pendulum-3.2.0-pp311-pypy311_pp73-musllinux_1_1_x86_64.whl", hash = "sha256:5cd956d4176afc7bfe8a91bf3f771b46ff8d326f6c5bf778eb5010eb742ebba6"},
    {file = "pendulum-3.2.0-pp311-pypy311_pp73-win_amd64.whl", hash = "sha256:39ef129d7b90aab49708645867abdd207b714ba7bff12dae549975b0aca09716"},
    {file = "pendulum-3.2.0-py3-none-any.whl", hash = "sha256:f3a9c18a89b4d9ef39c5fa6a78722aaff8d5be2597c129a3b16b9f40a561acf3"},
    {file = "pendulum-3.2.0.tar.gz", hash = "sha256:e80feda2d10fa3ff8b1526715f7d33dcb7e08494b3088f2c8a3ac92d4a4331ce"},
]

[package.dependencies]
python-dateutil = ">=2.6"
tzdata = ">=2020.1"

[package.extras]
test = ["time-machine (>=2.6.0,<3.0.0) ; implementation_name != \"pypy\""]

[[package]]
name = "python-dateutil"
version = "2.9.0.post0"
description = "Extensions to the standard Python datetime module"
optional = false
python-versions = "!=3.0.*,!=3.1.*,!=3.2.*,>=2.7"
groups = ["main"]
files = [
    {file = "python-dateutil-2.9.0.post0.tar.gz", hash = "sha256:37dd54208da7e1cd875388217d5e00ebd4179249f90fb72437e91a35459a0ad3"},
    {file = "python_dateutil-2.9.0.post0-py2.py3-none-any.whl", hash = "sha256:a8b2bc7bffae282281c8140a97d3aa9c14da0b136dfe83f850eea9a5f7470427"},
]

[package.dependencies]
six = ">=1.5"

[[package]]
name = "six"
version = "1.17.0"
description = "Python 2 and 3 compatibility utilities"
optional = false
python-versions = "!=3.0.*,!=3.1.*,!=3.2.*,>=2.7"
groups = ["main"]
files = [
    {file = "six-1.17.0-py2.py3-none-any.whl", hash = "sha256:4721f391ed90541fddacab5acf947aa0d3dc7d27b2e1e8eda2be8970586c3274"},
    {file = "six-1.17.0.tar.gz", hash = "sha256:ff70335d468e7eb6ec65b95b99d3a2836546063f63acc5171de367e834932a81"},
]

[[package]]
name = "tzdata"
version = "2026.1"
description = "Provider of IANA time zone data"
optional = false
python-versions = ">=2"
groups = ["main"]
files = [
    {file = "tzdata-2026.1-py2.py3-none-any.whl", hash = "sha256:4b1d2be7ac37ceafd7327b961aa3a54e467efbdb563a23655fbfe0d39cfc42a9"},
    {file = "tzdata-2026.1.tar.gz", hash = "sha256:67658a1903c75917309e753fdc349ac0efd8c27db7a0cb406a25be4840f87f98"},
]

[metadata]
lock-version = "2.1"
python-versions = "^3.12"
content-hash = "451f2889bc1f7c9f8fed82cde527a219b301428c0c2a879ed3068f0284bf2bc8"
