version = 1
revision = 3
requires-python = ">=3.12"

[[package]]
name = "pendulum"
version = "3.2.0"
source = { registry = "https://pypi.org/simple" }
dependencies = [
    { name = "python-dateutil" },
    { name = "tzdata" },
]
sdist = { url = "https://files.pythonhosted.org/packages/cb/72/9a51afa0a822b09e286c4cb827ed7b00bc818dac7bd11a5f161e493a217d/pendulum-3.2.0.tar.gz", hash = "sha256:e80feda2d10fa3ff8b1526715f7d33dcb7e08494b3088f2c8a3ac92d4a4331ce", size = 86912, upload-time = "2026-01-30T11:22:24.093Z" }
wheels = [
    { url = "https://files.pythonhosted.org/packages/41/56/dd0ea9f97d25a0763cda09e2217563b45714786118d8c68b0b745395d6eb/pendulum-3.2.0-cp312-cp312-macosx_10_12_x86_64.whl", hash = "sha256:bf0b489def51202a39a2a665dcc4162d5e46934a740fe4c4fe3068979610156c", size = 337830, upload-time = "2026-01-30T11:21:08.298Z" },
    { url = "https://files.pythonhosted.org/packages/cf/98/83d62899bf7226fc12396de4bc1fb2b5da27e451c7c60790043aaf8b4731/pendulum-3.2.0-cp312-cp312-macosx_11_0_arm64.whl", hash = "sha256:937a529aa302efa18dcf25e53834964a87ffb2df8f80e3669ab7757a6126beaf", size = 327574, upload-time = "2026-01-30T11:21:09.715Z" },
    { url = "https://files.pythonhosted.org/packages/76/fa/ff2aa992b23f0543c709b1a3f3f9ed760ec71fd02c8bb01f93bf008b52e4/pendulum-3.2.0-cp312-cp312-manylinux_2_17_aarch64.manylinux2014_aarch64.whl", hash = "sha256:85c7689defc65c4dc29bf257f7cca55d210fabb455de9476e1748d2ab2ae80d7", size = 339891, upload-time = "2026-01-30T11:21:11.089Z" },
    { url = "https://files.pythonhosted.org/packages/c5/4e/25b4fa11d19503d50d7b52d7ef943c0f20fd54422aaeb9e38f588c815c50/pendulum-3.2.0-cp312-cp312-manylinux_2_17_ppc64le.manylinux2014_ppc64le.whl", hash = "sha256:d5e216e5a412563ea2ecf5de467dcf3d02717947fcdabe6811d5ee360726b02b", size = 373726, upload-time = "2026-01-30T11:21:12.493Z" },
    { url = "https://files.pythonhosted.org/packages/4f/30/0acad6396c4e74e5c689aa4f0b0c49e2ecdcfce368e7b5bf35ca1c0fc61a/pendulum-3.2.0-cp312-cp312-manylinux_2_17_s390x.manylinux2014_s390x.whl", hash = "sha256:3a2af22eeec438fbaac72bb7fba783e0950a514fba980d9a32db394b51afccec", size = 379827, upload-time = "2026-01-30T11:21:14.08Z" },
    { url = "https://files.pythonhosted.org/packages/3a/f7/e6a2fdf2a23d59b4b48b8fa89e8d4bf2dd371aea2c6ba8fcecec20a4acb9/pendulum-3.2.0-cp312-cp312-manylinux_2_17_x86_64.manylinux2014_x86_64.whl", hash = "sha256:3159cceb54f5aa8b85b141c7f0ce3fac8bdd1ffdc7c79e67dca9133eac7c4d11", size = 348921, upload-time = "2026-01-30T11:21:15.816Z" },
    { url = "https://files.pythonhosted.org/packages/7f/f2/c15fa7f9ad4e181aa469b6040b574988bd108ccdf4ae509ad224f9e4db44/pendulum-3.2.0-cp312-cp312-musllinux_1_1_aarch64.whl", hash = "sha256:c39ea5e9ffa20ea8bae986d00e0908bd537c8468b71d6b6503ab0b4c3d76e0ea", size = 517188, upload-time = "2026-01-30T11:21:17.835Z" },
    { url = "https://files.pythonhosted.org/packages/47/c7/5f80b12ee88ec26e930c3a5a602608a63c29cf60c81a0eb066d583772550/pendulum-3.2.0-cp312-cp312-musllinux_1_1_x86_64.whl", hash = "sha256:e5afc753e570cce1f44197676371f68953f7d4f022303d141bb09f804d5fe6d7", size = 561833, upload-time = "2026-01-30T11:21:19.232Z" },
    { url = "https://files.pythonhosted.org/packages/90/15/1ac481626cb63db751f6281e294661947c1f0321ebe5d1c532a3b51a8006/pendulum-3.2.0-cp312-cp312-win_amd64.whl", hash = "sha256:fd55c12560816d9122ca2142d9e428f32c0c083bf77719320b1767539c7a3a3b", size = 258725, upload-time = "2026-01-30T11:21:20.558Z" },
    { url = "https://files.pythonhosted.org/packages/40/ae/50b0398d7d027eb70a3e1e336de7b6e599c6b74431cb7d3863287e1292bb/pendulum-3.2.0-cp312-cp312-win_arm64.whl", hash = "sha256:faef52a7ed99729f0838353b956f3fabf6c550c062db247e9e2fc2b48fcb9457", size = 253089, upload-time = "2026-01-30T11:21:22.497Z" },
    { url = "https://files.pythonhosted.org/packages/27/8c/400c8b8dbd7524424f3d9902ded64741e82e5e321d1aabbd68ade89e71cf/pendulum-3.2.0-cp313-cp313-macosx_10_12_x86_64.whl", hash = "sha256:addb0512f919fe5b70c8ee534ee71c775630d3efe567ea5763d92acff857cfc3", size = 337820, upload-time = "2026-01-30T11:21:24.305Z" },
    { url = "https://files.pythonhosted.org/packages/59/38/7c16f26cc55d9206d71da294ce6857d0da381e26bc9e0c2a069424c2b173/pendulum-3.2.0-cp313-cp313-macosx_11_0_arm64.whl", hash = "sha256:3aaa50342dc174acebdc21089315012e63789353957b39ac83cac9f9fc8d1075", size = 327551, upload-time = "2026-01-30T11:21:25.747Z" },
    { url = "https://files.pythonhosted.org/packages/0b/cd/f36ec5d56d55104232380fdbf84ff53cc05607574af3cbdc8a43991ac8a7/pendulum-3.2.0-cp313-cp313-manylinux_2_17_aarch64.manylinux2014_aarch64.whl", hash = "sha256:927e9c9ab52ff68e71b76dd410e5f1cd78f5ea6e7f0a9f5eb549aea16a4d5354", size = 339894, upload-time = "2026-01-30T11:21:27.229Z" },
    { url = "https://files.pythonhosted.org/packages/aa/4e/b9a1e546519c3a92d5bc17787cea925e06a20def2ae344fa136d2fc40338/pendulum-3.2.0-cp313-cp313-manylinux_2_17_ppc64le.manylinux2014_ppc64le.whl", hash = "sha256:249d18f5543c9f43aba3bd77b34864ec8cf6f64edbead405f442e23c94fce63d", size = 373766, upload-time = "2026-01-30T11:21:28.642Z" },
    { url = "https://files.pythonhosted.org/packages/ea/a6/6471ab87ae2260594501f071586a765fc894817043b7d2d4b04e2eff4f31/pendulum-3.2.0-cp313-cp313-manylinux_2_17_s390x.manylinux2014_s390x.whl", hash = "sha256:7c644cc15eec5fb02291f0f193195156780fd5a0affd7a349592403826d1a35e", size = 379837, upload-time = "2026-01-30T11:21:30.637Z" },
    { url = "https://files.pythonhosted.org/packages/0d/79/0ba0c14e862388f7b822626e6e989163c23bebe7f96de5ec4b207cbe7c3d/pendulum-3.2.0-cp313-cp313-manylinux_2_17_x86_64.manylinux2014_x86_64.whl", hash = "sha256:063ab61af953bb56ad5bc8e131fd0431c915ed766d90ccecd7549c8090b51004", size = 348904, upload-time = "2026-01-30T11:21:32.436Z" },
    { url = "https://files.pythonhosted.org/packages/17/34/df922c7c0b12719589d4954bfa5bdca9e02bcde220f5c5c1838a87118960/pendulum-3.2.0-cp313-cp313-musllinux_1_1_aarch64.whl", hash = "sha256:26a3ae26c9dd70a4256f1c2f51addc43641813574c0db6ce5664f9861cd93621", size = 517173, upload-time = "2026-01-30T11:21:34.428Z" },
    { url = "https://files.pythonhosted.org/packages/87/ec/3b9e061eeee97b72a47c1434ee03f6d85f0284d9285d92b12b0fff2d19ac/pendulum-3.2.0-cp313-cp313-musllinux_1_1_x86_64.whl", hash = "sha256:2b10d91dc00f424444a42f47c69e6b3bfd79376f330179dc06bc342184b35f9a", size = 561744, upload-time = "2026-01-30T11:21:35.861Z" },
    { url = "https://files.pythonhosted.org/packages/fd/7e/f12fdb6070b7975c1fcfa5685dbe4ab73c788878a71f4d1d7e3c87979e37/pendulum-3.2.0-cp313-cp313-win_amd64.whl", hash = "sha256:63070ff03e30a57b16c8e793ee27da8dac4123c1d6e0cf74c460ce9ee8a64aa4", size = 258746, upload-time = "2026-01-30T11:21:37.782Z" },
    { url = "https://files.pythonhosted.org/packages/c9/b8/5abd872056357f069ae34a9b24a75ac58e79092d16201d779a8dd31386bb/pendulum-3.2.0-cp313-cp313-win_arm64.whl", hash = "sha256:c8dde63e2796b62070a49ce813ce200aba9186130307f04ec78affcf6c2e8122", size = 253028, upload-time = "2026-01-30T11:21:39.381Z" },
    { url = "https://files.pythonhosted.org/packages/82/99/5b9cc823862450910bcb2c7cdc6884c0939b268639146d30e4a4f55eb1f1/pendulum-3.2.0-cp314-cp314-macosx_10_12_x86_64.whl", hash = "sha256:c17ac069e88c5a1e930a5ae0ef17357a14b9cc5a28abadda74eaa8106d241c8e", size = 338281, upload-time = "2026-01-30T11:21:40.812Z" },
    { url = "https://files.pythonhosted.org/packages/cd/3a/64a35260f6ac36c0ad50eeb5f1a465b98b0d7603f79a5c2077c41326d639/pendulum-3.2.0-cp314-cp314-macosx_11_0_arm64.whl", hash = "sha256:e1fbb540edecb21f8244aebfb05a1f2333ddc6c7819378c099d4a61cc91ae93c", size = 328030, upload-time = "2026-01-30T11:21:42.778Z" },
    { url = "https://files.pythonhosted.org/packages/da/6b/1140e09310035a2afb05bb90a2b8fbda9d3222e03b92de9533123afe6b65/pendulum-3.2.0-cp314-cp314-manylinux_2_17_aarch64.manylinux2014_aarch64.whl", hash = "sha256:a8c67fb9a1fe8fc1adae2cc01b0c292b268c12475b4609ff4aed71c9dd367b4d", size = 340206, upload-time = "2026-01-30T11:21:44.148Z" },
    { url = "https://files.pythonhosted.org/packages/52/4a/a493de56cbc24a64b21ac6ba98513a9ec5c67daa3dba325e39a8e53f30d8/pendulum-3.2.0-cp314-cp314-manylinux_2_17_ppc64le.manylinux2014_ppc64le.whl", hash = "sha256:baa9a66c980defda6cfe1275103a94b22e90d83ebd7a84cc961cee6cbd25a244", size = 373976, upload-time = "2026-01-30T11:21:45.56Z" },
    { url = "https://files.pythonhosted.org/packages/3c/4c/f083c4fd1a161d4ab218680cc906338c541497b3098373f2241f58c429cb/pendulum-3.2.0-cp314-cp314-manylinux_2_17_s390x.manylinux2014_s390x.whl", hash = "sha256:ef8f783fa7a14973b0596d8af2a5b2d90858a55030e9b4c6885eb4284b88314f", size = 380075, upload-time = "2026-01-30T11:21:46.959Z" },
    { url = "https://files.pythonhosted.org/packages/57/b6/333a0fcb33bf15eb879a46a11ce6300c1698a141e689665fe430783ff8d6/pendulum-3.2.0-cp314-cp314-manylinux_2_17_x86_64.manylinux2014_x86_64.whl", hash = "sha256:a7d2e9bfb065727d8676e7ada3793b47a24349500a5e9637404355e482c822be", size = 349026, upload-time = "2026-01-30T11:21:48.271Z" },
    { url = "https://files.pythonhosted.org/packages/43/1a/dfb526ec0cba1e7cd6a5e4f4dd64a6ada7428d1449c54b15f7b295f6e122/pendulum-3.2.0-cp314-cp314-musllinux_1_1_aarch64.whl", hash = "sha256:55d7ba6bb74171c3ee409bf30076ee3a259a3c2bb147ac87ebb76aaa3cf5d3a2", size = 517395, upload-time = "2026-01-30T11:21:49.643Z" },
    { url = "https://files.pythonhosted.org/packages/c9/37/b4f2b5f1200351c4869b8b46ad5c21019e3dbe0417f5867ae969fad7b5fe/pendulum-3.2.0-cp314-cp314-musllinux_1_1_x86_64.whl", hash = "sha256:a50d8cf42f06d3d8c3f8bb2a7ac47fa93b5145e69de6a7209be6a47afdd9cf76", size = 561926, upload-time = "2026-01-30T11:21:51.698Z" },
    { url = "https://files.pythonhosted.org/packages/a0/9e/567376582da58f5fe8e4f579db2bcfbf243cf619a5825bdf1023ad1436b3/pendulum-3.2.0-cp314-cp314-win_amd64.whl", hash = "sha256:e5bbb92b155cd5018b3cf70ee49ed3b9c94398caaaa7ed97fe41e5bb5a968418", size = 258817, upload-time = "2026-01-30T11:21:53.074Z" },
    { url = "https://files.pythonhosted.org/packages/95/67/dfffd7eb50d67fa821cd4d92cf71575ead6162930202bc40dfcedf78c38c/pendulum-3.2.0-cp314-cp314-win_arm64.whl", hash = "sha256:d53134418e04335c3029a32e9341cccc9b085a28744fb5ee4e6a8f5039363b1a", size = 253292, upload-time = "2026-01-30T11:21:54.484Z" },
    { url = "https://files.pythonhosted.org/packages/02/fb/d65db067a67df7252f18b0cb7420dda84078b9e8bfb375215469c14a50be/pendulum-3.2.0-py3-none-any.whl", hash = "sha256:f3a9c18a89b4d9ef39c5fa6a78722aaff8d5be2597c129a3b16b9f40a561acf3", size = 114111, upload-time = "2026-01-30T11:22:22.361Z" },
]

[[package]]
name = "python-dateutil"
version = "2.9.0.post0"
source = { registry = "https://pypi.org/simple" }
dependencies = [
    { name = "six" },
]
sdist = { url = "https://files.pythonhosted.org/packages/66/c0/0c8b6ad9f17a802ee498c46e004a0eb49bc148f2fd230864601a86dcf6db/python-dateutil-2.9.0.post0.tar.gz", hash = "sha256:37dd54208da7e1cd875388217d5e00ebd4179249f90fb72437e91a35459a0ad3", size = 342432, upload-time = "2024-03-01T18:36:20.211Z" }
wheels = [
    { url = "https://files.pythonhosted.org/packages/ec/57/56b9bcc3c9c6a792fcbaf139543cee77261f3651ca9da0c93f5c1221264b/python_dateutil-2.9.0.post0-py2.py3-none-any.whl", hash = "sha256:a8b2bc7bffae282281c8140a97d3aa9c14da0b136dfe83f850eea9a5f7470427", size = 229892, upload-time = "2024-03-01T18:36:18.57Z" },
]

[[package]]
name = "six"
version = "1.17.0"
source = { registry = "https://pypi.org/simple" }
sdist = { url = "https://files.pythonhosted.org/packages/94/e7/b2c673351809dca68a0e064b6af791aa332cf192da575fd474ed7d6f16a2/six-1.17.0.tar.gz", hash = "sha256:ff70335d468e7eb6ec65b95b99d3a2836546063f63acc5171de367e834932a81", size = 34031, upload-time = "2024-12-04T17:35:28.174Z" }
wheels = [
    { url = "https://files.pythonhosted.org/packages/b7/ce/149a00dd41f10bc29e5921b496af8b574d8413afcd5e30dfa0ed46c2cc5e/six-1.17.0-py2.py3-none-any.whl", hash = "sha256:4721f391ed90541fddacab5acf947aa0d3dc7d27b2e1e8eda2be8970586c3274", size = 11050, upload-time = "2024-12-04T17:35:26.475Z" },
]

[[package]]
name = "tzdata"
version = "2026.1"
source = { registry = "https://pypi.org/simple" }
sdist = { url = "https://files.pythonhosted.org/packages/19/f5/cd531b2d15a671a40c0f66cf06bc3570a12cd56eef98960068ebbad1bf5a/tzdata-2026.1.tar.gz", hash = "sha256:67658a1903c75917309e753fdc349ac0efd8c27db7a0cb406a25be4840f87f98", size = 197639, upload-time = "2026-04-03T11:25:22.002Z" }
wheels = [
    { url = "https://files.pythonhosted.org/packages/b0/70/d460bd685a170790ec89317e9bd33047988e4bce507b831f5db771e142de/tzdata-2026.1-py2.py3-none-any.whl", hash = "sha256:4b1d2be7ac37ceafd7327b961aa3a54e467efbdb563a23655fbfe0d39cfc42a9", size = 348952, upload-time = "2026-04-03T11:25:20.313Z" },
]

[[package]]
name = "uv-test"
version = "0.1.0"
source = { virtual = "." }
dependencies = [
    { name = "pendulum" },
]

[package.metadata]
requires-dist = [{ name = "pendulum", specifier = ">=3.2.0" }]
